
Microsoft Visual Studio Solution File, Format Version 12.00
# Visual Studio 15
VisualStudioVersion = 15.0.28010.2036
MinimumVisualStudioVersion = 10.0.40219.1
Project("{8BC9CEB8-8B4A-11D0-8D11-00A0C91BC942}") = "Projekt1", "Projekt1\Projekt1.vcxproj", "{E200CD1C-BB7A-4684-92D0-C39E983FABA3}"
EndProject
Global
	GlobalSection(SolutionConfigurationPlatforms) = preSolution
		Debug|x64 = Debug|x64
		Debug|x86 = Debug|x86
		Release|x64 = Release|x64
		Release|x86 = Release|x86
	EndGlobalSection
	GlobalSection(ProjectConfigurationPlatforms) = postSolution
		{E200CD1C-BB7A-4684-92D0-C39E983FABA3}.Debug|x64.ActiveCfg = Debug|x64
		{E200CD1C-BB7A-4684-92D0-C39E983FABA3}.Debug|x64.Build.0 = Debug|x64
		{E200CD1C-BB7A-4684-92D0-C39E983FABA3}.Debug|x86.ActiveCfg = Debug|Win32
		{E200CD1C-BB7A-4684-92D0-C39E983FABA3}.Debug|x86.Build.0 = Debug|Win32
		{E200CD1C-BB7A-4684-92D0-C39E983FABA3}.Release|x64.ActiveCfg = Release|x64
		{E200CD1C-BB7A-4684-92D0-C39E983FABA3}.Release|x64.Build.0 = Release|x64
		{E200CD1C-BB7A-4684-92D0-C39E983FABA3}.Release|x86.ActiveCfg = Release|Win32
		{E200CD1C-BB7A-4684-92D0-C39E983FABA3}.Release|x86.Build.0 = Release|Win32
	EndGlobalSection
	GlobalSection(SolutionProperties) = preSolution
		HideSolutionNode = FALSE
	EndGlobalSection
	GlobalSection(ExtensibilityGlobals) = postSolution
		SolutionGuid = {D2C06E1A-B0E5-476A-B154-B7D9BDB2A57B}
	EndGlobalSection
EndGlobal
